
Microsoft Visual Studio Solution File, Format Version 12.00
# Visual Studio Version 17
VisualStudioVersion = 17.10.34928.147
MinimumVisualStudioVersion = 10.0.40219.1
Project("{2150E333-8FDC-42A3-9474-1A3956D46DE8}") = "Services", "Services", "{C2273959-2E3A-45A5-941C-1CF0BF9013F3}"
EndProject
Project("{2150E333-8FDC-42A3-9474-1A3956D46DE8}") = "Catalog", "Catalog", "{80CA6A33-185C-4C23-8AB7-68C8D0493891}"
EndProject
Project("{9A19103F-16F7-4668-BE54-9A1E7A4F7556}") = "Catalog.API", "Services\Catalog\Catalog.API\Catalog.API.csproj", "{4CFADBEB-A1E4-47DB-B10C-2E5BABFB438F}"
EndProject
Project("{2150E333-8FDC-42A3-9474-1A3956D46DE8}") = "BuildingBlocks", "BuildingBlocks", "{55A6D542-710E-4F26-A37B-A5FECE98634F}"
EndProject
Project("{9A19103F-16F7-4668-BE54-9A1E7A4F7556}") = "BuildingBlocks", "BuildingBlocks\BuildingBlocks\BuildingBlocks.csproj", "{7A089C2B-D843-4879-9C6E-6E3EF79C29E0}"
EndProject
Project("{E53339B2-1760-4266-BCC7-CA923CBCF16C}") = "docker-compose", "docker-compose.dcproj", "{A7147B55-F47E-44C8-A127-7636F1D264BD}"
EndProject
Project("{2150E333-8FDC-42A3-9474-1A3956D46DE8}") = "Basket", "Basket", "{36679DB3-F98D-4FC2-AB55-2CDACFFD3588}"
EndProject
Project("{9A19103F-16F7-4668-BE54-9A1E7A4F7556}") = "Basket.API", "Services\Basket\Basket.API\Basket.API.csproj", "{23CD4695-16B0-4E90-B89A-91DAE0A1DC9B}"
EndProject
Project("{2150E333-8FDC-42A3-9474-1A3956D46DE8}") = "Discount", "Discount", "{F4CE6E2C-2D70-4D01-AD11-348E51422517}"
EndProject
Project("{FAE04EC0-301F-11D3-BF4B-00C04F79EFBC}") = "Discount.Grpc", "Services\Discount\Discount.Grpc\Discount.Grpc.csproj", "{A0F61D33-7983-46F3-9871-C4528D11D1D6}"
EndProject
Global
	GlobalSection(SolutionConfigurationPlatforms) = preSolution
		Debug|Any CPU = Debug|Any CPU
		Release|Any CPU = Release|Any CPU
	EndGlobalSection
	GlobalSection(ProjectConfigurationPlatforms) = postSolution
		{4CFADBEB-A1E4-47DB-B10C-2E5BABFB438F}.Debug|Any CPU.ActiveCfg = Debug|Any CPU
		{4CFADBEB-A1E4-47DB-B10C-2E5BABFB438F}.Debug|Any CPU.Build.0 = Debug|Any CPU
		{4CFADBEB-A1E4-47DB-B10C-2E5BABFB438F}.Release|Any CPU.ActiveCfg = Release|Any CPU
		{4CFADBEB-A1E4-47DB-B10C-2E5BABFB438F}.Release|Any CPU.Build.0 = Release|Any CPU
		{7A089C2B-D843-4879-9C6E-6E3EF79C29E0}.Debug|Any CPU.ActiveCfg = Debug|Any CPU
		{7A089C2B-D843-4879-9C6E-6E3EF79C29E0}.Debug|Any CPU.Build.0 = Debug|Any CPU
		{7A089C2B-D843-4879-9C6E-6E3EF79C29E0}.Release|Any CPU.ActiveCfg = Release|Any CPU
		{7A089C2B-D843-4879-9C6E-6E3EF79C29E0}.Release|Any CPU.Build.0 = Release|Any CPU
		{A7147B55-F47E-44C8-A127-7636F1D264BD}.Debug|Any CPU.ActiveCfg = Debug|Any CPU
		{A7147B55-F47E-44C8-A127-7636F1D264BD}.Debug|Any CPU.Build.0 = Debug|Any CPU
		{A7147B55-F47E-44C8-A127-7636F1D264BD}.Release|Any CPU.ActiveCfg = Release|Any CPU
		{A7147B55-F47E-44C8-A127-7636F1D264BD}.Release|Any CPU.Build.0 = Release|Any CPU
		{23CD4695-16B0-4E90-B89A-91DAE0A1DC9B}.Debug|Any CPU.ActiveCfg = Debug|Any CPU
		{23CD4695-16B0-4E90-B89A-91DAE0A1DC9B}.Debug|Any CPU.Build.0 = Debug|Any CPU
		{23CD4695-16B0-4E90-B89A-91DAE0A1DC9B}.Release|Any CPU.ActiveCfg = Release|Any CPU
		{23CD4695-16B0-4E90-B89A-91DAE0A1DC9B}.Release|Any CPU.Build.0 = Release|Any CPU
		{A0F61D33-7983-46F3-9871-C4528D11D1D6}.Debug|Any CPU.ActiveCfg = Debug|Any CPU
		{A0F61D33-7983-46F3-9871-C4528D11D1D6}.Debug|Any CPU.Build.0 = Debug|Any CPU
		{A0F61D33-7983-46F3-9871-C4528D11D1D6}.Release|Any CPU.ActiveCfg = Release|Any CPU
		{A0F61D33-7983-46F3-9871-C4528D11D1D6}.Release|Any CPU.Build.0 = Release|Any CPU
	EndGlobalSection
	GlobalSection(SolutionProperties) = preSolution
		HideSolutionNode = FALSE
	EndGlobalSection
	GlobalSection(NestedProjects) = preSolution
		{80CA6A33-185C-4C23-8AB7-68C8D0493891} = {C2273959-2E3A-45A5-941C-1CF0BF9013F3}
		{4CFADBEB-A1E4-47DB-B10C-2E5BABFB438F} = {80CA6A33-185C-4C23-8AB7-68C8D0493891}
		{7A089C2B-D843-4879-9C6E-6E3EF79C29E0} = {55A6D542-710E-4F26-A37B-A5FECE98634F}
		{36679DB3-F98D-4FC2-AB55-2CDACFFD3588} = {C2273959-2E3A-45A5-941C-1CF0BF9013F3}
		{23CD4695-16B0-4E90-B89A-91DAE0A1DC9B} = {36679DB3-F98D-4FC2-AB55-2CDACFFD3588}
		{F4CE6E2C-2D70-4D01-AD11-348E51422517} = {C2273959-2E3A-45A5-941C-1CF0BF9013F3}
		{A0F61D33-7983-46F3-9871-C4528D11D1D6} = {F4CE6E2C-2D70-4D01-AD11-348E51422517}
	EndGlobalSection
	GlobalSection(ExtensibilityGlobals) = postSolution
		SolutionGuid = {EC95BC0A-5F43-4E1C-A366-E43A9CE1C661}
	EndGlobalSection
EndGlobal
